
Microsoft Visual Studio Solution File, Format Version 12.00
# Visual Studio Version 16
VisualStudioVersion = 16.0.31515.178
MinimumVisualStudioVersion = 10.0.40219.1
Project("{9A19103F-16F7-4668-BE54-9A1E7A4F7556}") = "AuthSystem", "AuthSystem\AuthSystem.csproj", "{3B9BD1A9-55DD-46B2-AECA-9F22B6B03375}"
EndProject
Project("{2150E333-8FDC-42A3-9474-1A3956D46DE8}") = "1-Web", "1-Web", "{344D6F1A-7141-46FE-9433-49268A69038B}"
EndProject
Project("{2150E333-8FDC-42A3-9474-1A3956D46DE8}") = "2-Application", "2-Application", "{B04F4BA4-F170-4042-AE45-029DE130EA67}"
EndProject
Project("{2150E333-8FDC-42A3-9474-1A3956D46DE8}") = "3-Domain", "3-Domain", "{5F11A5A2-0A93-4B72-B657-C96C32E2710E}"
EndProject
Project("{2150E333-8FDC-42A3-9474-1A3956D46DE8}") = "4-Infra", "4-Infra", "{D5DC5E38-4F12-44BB-96C1-A9BAC51EAF11}"
EndProject
Project("{9A19103F-16F7-4668-BE54-9A1E7A4F7556}") = "AuthSystem.Application", "AuthSystem.Application\AuthSystem.Application.csproj", "{998F25E7-B407-4743-80DF-1201AB808F1D}"
EndProject
Project("{9A19103F-16F7-4668-BE54-9A1E7A4F7556}") = "AuthSystem.Domain", "AuthSystem.Domain\AuthSystem.Domain.csproj", "{CC0A47D0-9C6C-45C6-94D1-1F13FD068256}"
EndProject
Project("{9A19103F-16F7-4668-BE54-9A1E7A4F7556}") = "AuthSystem.Infra", "AuthSystem.Infra\AuthSystem.Infra.csproj", "{5DC393E3-6F7A-4134-9F12-86F019270D7B}"
EndProject
Project("{2150E333-8FDC-42A3-9474-1A3956D46DE8}") = "4.1-Data", "4.1-Data", "{183239C1-4AA8-4232-B6A8-F141A2D87065}"
EndProject
Project("{2150E333-8FDC-42A3-9474-1A3956D46DE8}") = "4.2-CrossCutting", "4.2-CrossCutting", "{4FD5CA23-8F37-4F0B-AE01-A6C7D4FF8826}"
EndProject
Project("{FAE04EC0-301F-11D3-BF4B-00C04F79EFBC}") = "AuthSystem.IoC", "AuthSystem.IoC\AuthSystem.IoC.csproj", "{A4FA2AB8-2330-41AF-A9F0-90889CA58463}"
EndProject
Global
	GlobalSection(SolutionConfigurationPlatforms) = preSolution
		Debug|Any CPU = Debug|Any CPU
		Release|Any CPU = Release|Any CPU
	EndGlobalSection
	GlobalSection(ProjectConfigurationPlatforms) = postSolution
		{3B9BD1A9-55DD-46B2-AECA-9F22B6B03375}.Debug|Any CPU.ActiveCfg = Debug|Any CPU
		{3B9BD1A9-55DD-46B2-AECA-9F22B6B03375}.Debug|Any CPU.Build.0 = Debug|Any CPU
		{3B9BD1A9-55DD-46B2-AECA-9F22B6B03375}.Release|Any CPU.ActiveCfg = Release|Any CPU
		{3B9BD1A9-55DD-46B2-AECA-9F22B6B03375}.Release|Any CPU.Build.0 = Release|Any CPU
		{998F25E7-B407-4743-80DF-1201AB808F1D}.Debug|Any CPU.ActiveCfg = Debug|Any CPU
		{998F25E7-B407-4743-80DF-1201AB808F1D}.Debug|Any CPU.Build.0 = Debug|Any CPU
		{998F25E7-B407-4743-80DF-1201AB808F1D}.Release|Any CPU.ActiveCfg = Release|Any CPU
		{998F25E7-B407-4743-80DF-1201AB808F1D}.Release|Any CPU.Build.0 = Release|Any CPU
		{CC0A47D0-9C6C-45C6-94D1-1F13FD068256}.Debug|Any CPU.ActiveCfg = Debug|Any CPU
		{CC0A47D0-9C6C-45C6-94D1-1F13FD068256}.Debug|Any CPU.Build.0 = Debug|Any CPU
		{CC0A47D0-9C6C-45C6-94D1-1F13FD068256}.Release|Any CPU.ActiveCfg = Release|Any CPU
		{CC0A47D0-9C6C-45C6-94D1-1F13FD068256}.Release|Any CPU.Build.0 = Release|Any CPU
		{5DC393E3-6F7A-4134-9F12-86F019270D7B}.Debug|Any CPU.ActiveCfg = Debug|Any CPU
		{5DC393E3-6F7A-4134-9F12-86F019270D7B}.Debug|Any CPU.Build.0 = Debug|Any CPU
		{5DC393E3-6F7A-4134-9F12-86F019270D7B}.Release|Any CPU.ActiveCfg = Release|Any CPU
		{5DC393E3-6F7A-4134-9F12-86F019270D7B}.Release|Any CPU.Build.0 = Release|Any CPU
		{A4FA2AB8-2330-41AF-A9F0-90889CA58463}.Debug|Any CPU.ActiveCfg = Debug|Any CPU
		{A4FA2AB8-2330-41AF-A9F0-90889CA58463}.Debug|Any CPU.Build.0 = Debug|Any CPU
		{A4FA2AB8-2330-41AF-A9F0-90889CA58463}.Release|Any CPU.ActiveCfg = Release|Any CPU
		{A4FA2AB8-2330-41AF-A9F0-90889CA58463}.Release|Any CPU.Build.0 = Release|Any CPU
	EndGlobalSection
	GlobalSection(SolutionProperties) = preSolution
		HideSolutionNode = FALSE
	EndGlobalSection
	GlobalSection(NestedProjects) = preSolution
		{3B9BD1A9-55DD-46B2-AECA-9F22B6B03375} = {344D6F1A-7141-46FE-9433-49268A69038B}
		{998F25E7-B407-4743-80DF-1201AB808F1D} = {B04F4BA4-F170-4042-AE45-029DE130EA67}
		{CC0A47D0-9C6C-45C6-94D1-1F13FD068256} = {5F11A5A2-0A93-4B72-B657-C96C32E2710E}
		{5DC393E3-6F7A-4134-9F12-86F019270D7B} = {183239C1-4AA8-4232-B6A8-F141A2D87065}
		{183239C1-4AA8-4232-B6A8-F141A2D87065} = {D5DC5E38-4F12-44BB-96C1-A9BAC51EAF11}
		{4FD5CA23-8F37-4F0B-AE01-A6C7D4FF8826} = {D5DC5E38-4F12-44BB-96C1-A9BAC51EAF11}
		{A4FA2AB8-2330-41AF-A9F0-90889CA58463} = {4FD5CA23-8F37-4F0B-AE01-A6C7D4FF8826}
	EndGlobalSection
	GlobalSection(ExtensibilityGlobals) = postSolution
		SolutionGuid = {B28CC602-4973-452A-9B9D-9A36D5E74392}
	EndGlobalSection
EndGlobal
